
Microsoft Visual Studio Solution File, Format Version 12.00
# Visual Studio Version 17
VisualStudioVersion = 17.7.34003.232
MinimumVisualStudioVersion = 10.0.40219.1
Project("{9A19103F-16F7-4668-BE54-9A1E7A4F7556}") = "EventosAcedemicos.Shared", "EventosAcedemicos.Shared\EventosAcedemicos.Shared.csproj", "{BDC668FF-870D-4840-A070-6F53836665E6}"
EndProject
Project("{9A19103F-16F7-4668-BE54-9A1E7A4F7556}") = "EventosAcademicos.API", "EventosAcademicos.API\EventosAcademicos.API.csproj", "{E4E564C9-0E63-4EFB-8D90-6CFFE4825563}"
EndProject
Project("{9A19103F-16F7-4668-BE54-9A1E7A4F7556}") = "EventosAcademicos.WEB", "EventosAcademicos.WEB\EventosAcademicos.WEB.csproj", "{7507E129-7017-45C6-9D50-AFFC4EA3D181}"
EndProject
Global
	GlobalSection(SolutionConfigurationPlatforms) = preSolution
		Debug|Any CPU = Debug|Any CPU
		Release|Any CPU = Release|Any CPU
	EndGlobalSection
	GlobalSection(ProjectConfigurationPlatforms) = postSolution
		{BDC668FF-870D-4840-A070-6F53836665E6}.Debug|Any CPU.ActiveCfg = Debug|Any CPU
		{BDC668FF-870D-4840-A070-6F53836665E6}.Debug|Any CPU.Build.0 = Debug|Any CPU
		{BDC668FF-870D-4840-A070-6F53836665E6}.Release|Any CPU.ActiveCfg = Release|Any CPU
		{BDC668FF-870D-4840-A070-6F53836665E6}.Release|Any CPU.Build.0 = Release|Any CPU
		{E4E564C9-0E63-4EFB-8D90-6CFFE4825563}.Debug|Any CPU.ActiveCfg = Debug|Any CPU
		{E4E564C9-0E63-4EFB-8D90-6CFFE4825563}.Debug|Any CPU.Build.0 = Debug|Any CPU
		{E4E564C9-0E63-4EFB-8D90-6CFFE4825563}.Release|Any CPU.ActiveCfg = Release|Any CPU
		{E4E564C9-0E63-4EFB-8D90-6CFFE4825563}.Release|Any CPU.Build.0 = Release|Any CPU
		{7507E129-7017-45C6-9D50-AFFC4EA3D181}.Debug|Any CPU.ActiveCfg = Debug|Any CPU
		{7507E129-7017-45C6-9D50-AFFC4EA3D181}.Debug|Any CPU.Build.0 = Debug|Any CPU
		{7507E129-7017-45C6-9D50-AFFC4EA3D181}.Release|Any CPU.ActiveCfg = Release|Any CPU
		{7507E129-7017-45C6-9D50-AFFC4EA3D181}.Release|Any CPU.Build.0 = Release|Any CPU
	EndGlobalSection
	GlobalSection(SolutionProperties) = preSolution
		HideSolutionNode = FALSE
	EndGlobalSection
	GlobalSection(ExtensibilityGlobals) = postSolution
		SolutionGuid = {381BC3DC-0ED2-40F3-B4DA-60B609836EB0}
	EndGlobalSection
EndGlobal
